// !$*UTF8*$!
{
	archiveVersion = 1;
	classes = {
	};
	objectVersion = 56;
	objects = {

/* Begin PBXBuildFile section */
		52897C802D8254AB006F017B /* TaxiApp.swift in Sources */ = {isa = PBXBuildFile; fileRef = 52897C7F2D8254AB006F017B /* TaxiApp.swift */; };
		52897C822D8254AB006F017B /* ContentView.swift in Sources */ = {isa = PBXBuildFile; fileRef = 52897C812D8254AB006F017B /* ContentView.swift */; };
		52897C872D8254B2006F017B /* Preview Assets.xcassets in Resources */ = {isa = PBXBuildFile; fileRef = 52897C862D8254B2006F017B /* Preview Assets.xcassets */; };
		52897C952D8254EA006F017B /* UIExtension.swift in Sources */ = {isa = PBXBuildFile; fileRef = 52897C942D8254EA006F017B /* UIExtension.swift */; };
		52897C992D8255ED006F017B /* Assets.xcassets in Resources */ = {isa = PBXBuildFile; fileRef = 52897C982D8255ED006F017B /* Assets.xcassets */; };
		52897C9D2D825E4D006F017B /* ChangeLangView.swift in Sources */ = {isa = PBXBuildFile; fileRef = 52897C9C2D825E4D006F017B /* ChangeLangView.swift */; };
		52897C9F2D826220006F017B /* WelcomeView.swift in Sources */ = {isa = PBXBuildFile; fileRef = 52897C9E2D826220006F017B /* WelcomeView.swift */; };
		52897CA12D826496006F017B /* MobileNumberView.swift in Sources */ = {isa = PBXBuildFile; fileRef = 52897CA02D826496006F017B /* MobileNumberView.swift */; };
		52897CA32D826B8A006F017B /* Launch Screen.storyboard in Resources */ = {isa = PBXBuildFile; fileRef = 52897CA22D826B8A006F017B /* Launch Screen.storyboard */; };
		52897CA52D8288C8006F017B /* CountryPickerComp.swift in Sources */ = {isa = PBXBuildFile; fileRef = 52897CA42D8288C8006F017B /* CountryPickerComp.swift */; };
		52897CA82D8288E5006F017B /* CountryPickerView in Frameworks */ = {isa = PBXBuildFile; productRef = 52897CA72D8288E5006F017B /* CountryPickerView */; };
		52897CAA2D828EEE006F017B /* OTPView.swift in Sources */ = {isa = PBXBuildFile; fileRef = 52897CA92D828EEE006F017B /* OTPView.swift */; };
		52897CAC2D829197006F017B /* OTPTextField.swift in Sources */ = {isa = PBXBuildFile; fileRef = 52897CAB2D829197006F017B /* OTPTextField.swift */; };
		52D514002D8762EC001C2C70 /* FloatingField.swift in Sources */ = {isa = PBXBuildFile; fileRef = 52D513FF2D8762EC001C2C70 /* FloatingField.swift */; };
		52D514022D87640F001C2C70 /* SignInView.swift in Sources */ = {isa = PBXBuildFile; fileRef = 52D514012D87640F001C2C70 /* SignInView.swift */; };
		52D514042D876846001C2C70 /* NavigationBack.swift in Sources */ = {isa = PBXBuildFile; fileRef = 52D514032D876846001C2C70 /* NavigationBack.swift */; };
		52D514062D877543001C2C70 /* SignUpView.swift in Sources */ = {isa = PBXBuildFile; fileRef = 52D514052D877543001C2C70 /* SignUpView.swift */; };
/* End PBXBuildFile section */

/* Begin PBXFileReference section */
		52897C7C2D8254AB006F017B /* TaxiApp.app */ = {isa = PBXFileReference; explicitFileType = wrapper.application; includeInIndex = 0; path = TaxiApp.app; sourceTree = BUILT_PRODUCTS_DIR; };
		52897C7F2D8254AB006F017B /* TaxiApp.swift */ = {isa = PBXFileReference; lastKnownFileType = sourcecode.swift; path = TaxiApp.swift; sourceTree = "<group>"; };
		52897C812D8254AB006F017B /* ContentView.swift */ = {isa = PBXFileReference; lastKnownFileType = sourcecode.swift; path = ContentView.swift; sourceTree = "<group>"; };
		52897C862D8254B2006F017B /* Preview Assets.xcassets */ = {isa = PBXFileReference; lastKnownFileType = folder.assetcatalog; path = "Preview Assets.xcassets"; sourceTree = "<group>"; };
		52897C8E2D8254D8006F017B /* NunitoSans-Bold.ttf */ = {isa = PBXFileReference; lastKnownFileType = file; name = "NunitoSans-Bold.ttf"; path = "../../../../Downloads/NunitoSans-Bold.ttf"; sourceTree = "<group>"; };
		52897C8F2D8254D8006F017B /* NunitoSans-SemiBold.ttf */ = {isa = PBXFileReference; lastKnownFileType = file; name = "NunitoSans-SemiBold.ttf"; path = "../../../../Downloads/NunitoSans-SemiBold.ttf"; sourceTree = "<group>"; };
		52897C902D8254D8006F017B /* NunitoSans-Medium.ttf */ = {isa = PBXFileReference; lastKnownFileType = file; name = "NunitoSans-Medium.ttf"; path = "../../../../Downloads/NunitoSans-Medium.ttf"; sourceTree = "<group>"; };
		52897C912D8254D8006F017B /* NunitoSans-ExtraBold.ttf */ = {isa = PBXFileReference; lastKnownFileType = file; name = "NunitoSans-ExtraBold.ttf"; path = "../../../../Downloads/NunitoSans-ExtraBold.ttf"; sourceTree = "<group>"; };
		52897C922D8254D8006F017B /* NunitoSans-Regular.ttf */ = {isa = PBXFileReference; lastKnownFileType = file; name = "NunitoSans-Regular.ttf"; path = "../../../../Downloads/NunitoSans-Regular.ttf"; sourceTree = "<group>"; };
		52897C942D8254EA006F017B /* UIExtension.swift */ = {isa = PBXFileReference; fileEncoding = 4; lastKnownFileType = sourcecode.swift; name = UIExtension.swift; path = ../../../../Downloads/UIExtension.swift; sourceTree = "<group>"; };
		52897C982D8255ED006F017B /* Assets.xcassets */ = {isa = PBXFileReference; lastKnownFileType = folder.assetcatalog; name = Assets.xcassets; path = "../../../Downloads/taxi_app_swiftui-main/taxi_driver/Assets.xcassets"; sourceTree = "<group>"; };
		52897C9C2D825E4D006F017B /* ChangeLangView.swift */ = {isa = PBXFileReference; lastKnownFileType = sourcecode.swift; path = ChangeLangView.swift; sourceTree = "<group>"; };
		52897C9E2D826220006F017B /* WelcomeView.swift */ = {isa = PBXFileReference; lastKnownFileType = sourcecode.swift; path = WelcomeView.swift; sourceTree = "<group>"; };
		52897CA02D826496006F017B /* MobileNumberView.swift */ = {isa = PBXFileReference; lastKnownFileType = sourcecode.swift; path = MobileNumberView.swift; sourceTree = "<group>"; };
		52897CA22D826B8A006F017B /* Launch Screen.storyboard */ = {isa = PBXFileReference; lastKnownFileType = file.storyboard; path = "Launch Screen.storyboard"; sourceTree = "<group>"; };
		52897CA42D8288C8006F017B /* CountryPickerComp.swift */ = {isa = PBXFileReference; lastKnownFileType = sourcecode.swift; path = CountryPickerComp.swift; sourceTree = "<group>"; };
		52897CA92D828EEE006F017B /* OTPView.swift */ = {isa = PBXFileReference; lastKnownFileType = sourcecode.swift; path = OTPView.swift; sourceTree = "<group>"; };
		52897CAB2D829197006F017B /* OTPTextField.swift */ = {isa = PBXFileReference; lastKnownFileType = sourcecode.swift; path = OTPTextField.swift; sourceTree = "<group>"; };
		52D513FF2D8762EC001C2C70 /* FloatingField.swift */ = {isa = PBXFileReference; fileEncoding = 4; lastKnownFileType = sourcecode.swift; name = FloatingField.swift; path = ../../../../Downloads/FloatingField.swift; sourceTree = "<group>"; };
		52D514012D87640F001C2C70 /* SignInView.swift */ = {isa = PBXFileReference; lastKnownFileType = sourcecode.swift; path = SignInView.swift; sourceTree = "<group>"; };
		52D514032D876846001C2C70 /* NavigationBack.swift */ = {isa = PBXFileReference; lastKnownFileType = sourcecode.swift; path = NavigationBack.swift; sourceTree = "<group>"; };
		52D514052D877543001C2C70 /* SignUpView.swift */ = {isa = PBXFileReference; lastKnownFileType = sourcecode.swift; path = SignUpView.swift; sourceTree = "<group>"; };
/* End PBXFileReference section */

/* Begin PBXFrameworksBuildPhase section */
		52897C792D8254AB006F017B /* Frameworks */ = {
			isa = PBXFrameworksBuildPhase;
			buildActionMask = 2147483647;
			files = (
				52897CA82D8288E5006F017B /* CountryPickerView in Frameworks */,
			);
			runOnlyForDeploymentPostprocessing = 0;
		};
/* End PBXFrameworksBuildPhase section */

/* Begin PBXGroup section */
		52897C732D8254AB006F017B = {
			isa = PBXGroup;
			children = (
				52897C7E2D8254AB006F017B /* TaxiApp */,
				52897C7D2D8254AB006F017B /* Products */,
			);
			sourceTree = "<group>";
		};
		52897C7D2D8254AB006F017B /* Products */ = {
			isa = PBXGroup;
			children = (
				52897C7C2D8254AB006F017B /* TaxiApp.app */,
			);
			name = Products;
			sourceTree = "<group>";
		};
		52897C7E2D8254AB006F017B /* TaxiApp */ = {
			isa = PBXGroup;
			children = (
				52897C982D8255ED006F017B /* Assets.xcassets */,
				52897C972D825503006F017B /* View */,
				52897C962D8254F5006F017B /* Common */,
				52897C932D8254DE006F017B /* UICommon */,
				52897C8D2D8254BB006F017B /* Fonts */,
				52897C7F2D8254AB006F017B /* TaxiApp.swift */,
				52897C812D8254AB006F017B /* ContentView.swift */,
				52897C852D8254B2006F017B /* Preview Content */,
				52897CA22D826B8A006F017B /* Launch Screen.storyboard */,
			);
			path = TaxiApp;
			sourceTree = "<group>";
		};
		52897C852D8254B2006F017B /* Preview Content */ = {
			isa = PBXGroup;
			children = (
				52897C862D8254B2006F017B /* Preview Assets.xcassets */,
			);
			path = "Preview Content";
			sourceTree = "<group>";
		};
		52897C8D2D8254BB006F017B /* Fonts */ = {
			isa = PBXGroup;
			children = (
				52897C8E2D8254D8006F017B /* NunitoSans-Bold.ttf */,
				52897C912D8254D8006F017B /* NunitoSans-ExtraBold.ttf */,
				52897C902D8254D8006F017B /* NunitoSans-Medium.ttf */,
				52897C922D8254D8006F017B /* NunitoSans-Regular.ttf */,
				52897C8F2D8254D8006F017B /* NunitoSans-SemiBold.ttf */,
			);
			path = Fonts;
			sourceTree = "<group>";
		};
		52897C932D8254DE006F017B /* UICommon */ = {
			isa = PBXGroup;
			children = (
				52897C942D8254EA006F017B /* UIExtension.swift */,
				52D514032D876846001C2C70 /* NavigationBack.swift */,
			);
			path = UICommon;
			sourceTree = "<group>";
		};
		52897C962D8254F5006F017B /* Common */ = {
			isa = PBXGroup;
			children = (
				52897CA42D8288C8006F017B /* CountryPickerComp.swift */,
				52D513FF2D8762EC001C2C70 /* FloatingField.swift */,
				52897CAB2D829197006F017B /* OTPTextField.swift */,
			);
			path = Common;
			sourceTree = "<group>";
		};
		52897C972D825503006F017B /* View */ = {
			isa = PBXGroup;
			children = (
				52897C9B2D825E3F006F017B /* Login */,
				52897C9A2D825E3B006F017B /* Home */,
			);
			path = View;
			sourceTree = "<group>";
		};
		52897C9A2D825E3B006F017B /* Home */ = {
			isa = PBXGroup;
			children = (
			);
			path = Home;
			sourceTree = "<group>";
		};
		52897C9B2D825E3F006F017B /* Login */ = {
			isa = PBXGroup;
			children = (
				52897C9C2D825E4D006F017B /* ChangeLangView.swift */,
				52897C9E2D826220006F017B /* WelcomeView.swift */,
				52897CA02D826496006F017B /* MobileNumberView.swift */,
				52897CA92D828EEE006F017B /* OTPView.swift */,
				52D514012D87640F001C2C70 /* SignInView.swift */,
				52D514052D877543001C2C70 /* SignUpView.swift */,
			);
			path = Login;
			sourceTree = "<group>";
		};
/* End PBXGroup section */

/* Begin PBXNativeTarget section */
		52897C7B2D8254AB006F017B /* TaxiApp */ = {
			isa = PBXNativeTarget;
			buildConfigurationList = 52897C8A2D8254B2006F017B /* Build configuration list for PBXNativeTarget "TaxiApp" */;
			buildPhases = (
				52897C782D8254AB006F017B /* Sources */,
				52897C792D8254AB006F017B /* Frameworks */,
				52897C7A2D8254AB006F017B /* Resources */,
			);
			buildRules = (
			);
			dependencies = (
			);
			name = TaxiApp;
			packageProductDependencies = (
				52897CA72D8288E5006F017B /* CountryPickerView */,
			);
			productName = TaxiApp;
			productReference = 52897C7C2D8254AB006F017B /* TaxiApp.app */;
			productType = "com.apple.product-type.application";
		};
/* End PBXNativeTarget section */

/* Begin PBXProject section */
		52897C742D8254AB006F017B /* Project object */ = {
			isa = PBXProject;
			attributes = {
				BuildIndependentTargetsInParallel = 1;
				LastSwiftUpdateCheck = 1420;
				LastUpgradeCheck = 1420;
				TargetAttributes = {
					52897C7B2D8254AB006F017B = {
						CreatedOnToolsVersion = 14.2;
					};
				};
			};
			buildConfigurationList = 52897C772D8254AB006F017B /* Build configuration list for PBXProject "TaxiApp" */;
			compatibilityVersion = "Xcode 14.0";
			developmentRegion = en;
			hasScannedForEncodings = 0;
			knownRegions = (
				en,
				Base,
			);
			mainGroup = 52897C732D8254AB006F017B;
			packageReferences = (
				52897CA62D8288E5006F017B /* XCRemoteSwiftPackageReference "CountryPickerView" */,
			);
			productRefGroup = 52897C7D2D8254AB006F017B /* Products */;
			projectDirPath = "";
			projectRoot = "";
			targets = (
				52897C7B2D8254AB006F017B /* TaxiApp */,
			);
		};
/* End PBXProject section */

/* Begin PBXResourcesBuildPhase section */
		52897C7A2D8254AB006F017B /* Resources */ = {
			isa = PBXResourcesBuildPhase;
			buildActionMask = 2147483647;
			files = (
				52897CA32D826B8A006F017B /* Launch Screen.storyboard in Resources */,
				52897C872D8254B2006F017B /* Preview Assets.xcassets in Resources */,
				52897C992D8255ED006F017B /* Assets.xcassets in Resources */,
			);
			runOnlyForDeploymentPostprocessing = 0;
		};
/* End PBXResourcesBuildPhase section */

/* Begin PBXSourcesBuildPhase section */
		52897C782D8254AB006F017B /* Sources */ = {
			isa = PBXSourcesBuildPhase;
			buildActionMask = 2147483647;
			files = (
				52897C9F2D826220006F017B /* WelcomeView.swift in Sources */,
				52897CA52D8288C8006F017B /* CountryPickerComp.swift in Sources */,
				52897C822D8254AB006F017B /* ContentView.swift in Sources */,
				52897C952D8254EA006F017B /* UIExtension.swift in Sources */,
				52D514002D8762EC001C2C70 /* FloatingField.swift in Sources */,
				52897C9D2D825E4D006F017B /* ChangeLangView.swift in Sources */,
				52897CAC2D829197006F017B /* OTPTextField.swift in Sources */,
				52897C802D8254AB006F017B /* TaxiApp.swift in Sources */,
				52D514062D877543001C2C70 /* SignUpView.swift in Sources */,
				52D514042D876846001C2C70 /* NavigationBack.swift in Sources */,
				52897CAA2D828EEE006F017B /* OTPView.swift in Sources */,
				52D514022D87640F001C2C70 /* SignInView.swift in Sources */,
				52897CA12D826496006F017B /* MobileNumberView.swift in Sources */,
			);
			runOnlyForDeploymentPostprocessing = 0;
		};
/* End PBXSourcesBuildPhase section */

/* Begin XCBuildConfiguration section */
		52897C882D8254B2006F017B /* Debug */ = {
			isa = XCBuildConfiguration;
			buildSettings = {
				ALWAYS_SEARCH_USER_PATHS = NO;
				CLANG_ANALYZER_NONNULL = YES;
				CLANG_ANALYZER_NUMBER_OBJECT_CONVERSION = YES_AGGRESSIVE;
				CLANG_CXX_LANGUAGE_STANDARD = "gnu++20";
				CLANG_ENABLE_MODULES = YES;
				CLANG_ENABLE_OBJC_ARC = YES;
				CLANG_ENABLE_OBJC_WEAK = YES;
				CLANG_WARN_BLOCK_CAPTURE_AUTORELEASING = YES;
				CLANG_WARN_BOOL_CONVERSION = YES;
				CLANG_WARN_COMMA = YES;
				CLANG_WARN_CONSTANT_CONVERSION = YES;
				CLANG_WARN_DEPRECATED_OBJC_IMPLEMENTATIONS = YES;
				CLANG_WARN_DIRECT_OBJC_ISA_USAGE = YES_ERROR;
				CLANG_WARN_DOCUMENTATION_COMMENTS = YES;
				CLANG_WARN_EMPTY_BODY = YES;
				CLANG_WARN_ENUM_CONVERSION = YES;
				CLANG_WARN_INFINITE_RECURSION = YES;
				CLANG_WARN_INT_CONVERSION = YES;
				CLANG_WARN_NON_LITERAL_NULL_CONVERSION = YES;
				CLANG_WARN_OBJC_IMPLICIT_RETAIN_SELF = YES;
				CLANG_WARN_OBJC_LITERAL_CONVERSION = YES;
				CLANG_WARN_OBJC_ROOT_CLASS = YES_ERROR;
				CLANG_WARN_QUOTED_INCLUDE_IN_FRAMEWORK_HEADER = YES;
				CLANG_WARN_RANGE_LOOP_ANALYSIS = YES;
				CLANG_WARN_STRICT_PROTOTYPES = YES;
				CLANG_WARN_SUSPICIOUS_MOVE = YES;
				CLANG_WARN_UNGUARDED_AVAILABILITY = YES_AGGRESSIVE;
				CLANG_WARN_UNREACHABLE_CODE = YES;
				CLANG_WARN__DUPLICATE_METHOD_MATCH = YES;
				COPY_PHASE_STRIP = NO;
				DEBUG_INFORMATION_FORMAT = dwarf;
				ENABLE_STRICT_OBJC_MSGSEND = YES;
				ENABLE_TESTABILITY = YES;
				GCC_C_LANGUAGE_STANDARD = gnu11;
				GCC_DYNAMIC_NO_PIC = NO;
				GCC_NO_COMMON_BLOCKS = YES;
				GCC_OPTIMIZATION_LEVEL = 0;
				GCC_PREPROCESSOR_DEFINITIONS = (
					"DEBUG=1",
					"$(inherited)",
				);
				GCC_WARN_64_TO_32_BIT_CONVERSION = YES;
				GCC_WARN_ABOUT_RETURN_TYPE = YES_ERROR;
				GCC_WARN_UNDECLARED_SELECTOR = YES;
				GCC_WARN_UNINITIALIZED_AUTOS = YES_AGGRESSIVE;
				GCC_WARN_UNUSED_FUNCTION = YES;
				GCC_WARN_UNUSED_VARIABLE = YES;
				IPHONEOS_DEPLOYMENT_TARGET = 16.2;
				MTL_ENABLE_DEBUG_INFO = INCLUDE_SOURCE;
				MTL_FAST_MATH = YES;
				ONLY_ACTIVE_ARCH = YES;
				SDKROOT = iphoneos;
				SWIFT_ACTIVE_COMPILATION_CONDITIONS = DEBUG;
				SWIFT_OPTIMIZATION_LEVEL = "-Onone";
			};
			name = Debug;
		};
		52897C892D8254B2006F017B /* Release */ = {
			isa = XCBuildConfiguration;
			buildSettings = {
				ALWAYS_SEARCH_USER_PATHS = NO;
				CLANG_ANALYZER_NONNULL = YES;
				CLANG_ANALYZER_NUMBER_OBJECT_CONVERSION = YES_AGGRESSIVE;
				CLANG_CXX_LANGUAGE_STANDARD = "gnu++20";
				CLANG_ENABLE_MODULES = YES;
				CLANG_ENABLE_OBJC_ARC = YES;
				CLANG_ENABLE_OBJC_WEAK = YES;
				CLANG_WARN_BLOCK_CAPTURE_AUTORELEASING = YES;
				CLANG_WARN_BOOL_CONVERSION = YES;
				CLANG_WARN_COMMA = YES;
				CLANG_WARN_CONSTANT_CONVERSION = YES;
				CLANG_WARN_DEPRECATED_OBJC_IMPLEMENTATIONS = YES;
				CLANG_WARN_DIRECT_OBJC_ISA_USAGE = YES_ERROR;
				CLANG_WARN_DOCUMENTATION_COMMENTS = YES;
				CLANG_WARN_EMPTY_BODY = YES;
				CLANG_WARN_ENUM_CONVERSION = YES;
				CLANG_WARN_INFINITE_RECURSION = YES;
				CLANG_WARN_INT_CONVERSION = YES;
				CLANG_WARN_NON_LITERAL_NULL_CONVERSION = YES;
				CLANG_WARN_OBJC_IMPLICIT_RETAIN_SELF = YES;
				CLANG_WARN_OBJC_LITERAL_CONVERSION = YES;
				CLANG_WARN_OBJC_ROOT_CLASS = YES_ERROR;
				CLANG_WARN_QUOTED_INCLUDE_IN_FRAMEWORK_HEADER = YES;
				CLANG_WARN_RANGE_LOOP_ANALYSIS = YES;
				CLANG_WARN_STRICT_PROTOTYPES = YES;
				CLANG_WARN_SUSPICIOUS_MOVE = YES;
				CLANG_WARN_UNGUARDED_AVAILABILITY = YES_AGGRESSIVE;
				CLANG_WARN_UNREACHABLE_CODE = YES;
				CLANG_WARN__DUPLICATE_METHOD_MATCH = YES;
				COPY_PHASE_STRIP = NO;
				DEBUG_INFORMATION_FORMAT = "dwarf-with-dsym";
				ENABLE_NS_ASSERTIONS = NO;
				ENABLE_STRICT_OBJC_MSGSEND = YES;
				GCC_C_LANGUAGE_STANDARD = gnu11;
				GCC_NO_COMMON_BLOCKS = YES;
				GCC_WARN_64_TO_32_BIT_CONVERSION = YES;
				GCC_WARN_ABOUT_RETURN_TYPE = YES_ERROR;
				GCC_WARN_UNDECLARED_SELECTOR = YES;
				GCC_WARN_UNINITIALIZED_AUTOS = YES_AGGRESSIVE;
				GCC_WARN_UNUSED_FUNCTION = YES;
				GCC_WARN_UNUSED_VARIABLE = YES;
				IPHONEOS_DEPLOYMENT_TARGET = 16.2;
				MTL_ENABLE_DEBUG_INFO = NO;
				MTL_FAST_MATH = YES;
				SDKROOT = iphoneos;
				SWIFT_COMPILATION_MODE = wholemodule;
				SWIFT_OPTIMIZATION_LEVEL = "-O";
				VALIDATE_PRODUCT = YES;
			};
			name = Release;
		};
		52897C8B2D8254B2006F017B /* Debug */ = {
			isa = XCBuildConfiguration;
			buildSettings = {
				ASSETCATALOG_COMPILER_APPICON_NAME = AppIcon;
				ASSETCATALOG_COMPILER_GLOBAL_ACCENT_COLOR_NAME = AccentColor;
				CODE_SIGN_STYLE = Automatic;
				CURRENT_PROJECT_VERSION = 1;
				DEVELOPMENT_ASSET_PATHS = "\"TaxiApp/Preview Content\"";
				DEVELOPMENT_TEAM = 74933M5YKJ;
				ENABLE_PREVIEWS = YES;
				GENERATE_INFOPLIST_FILE = YES;
				INFOPLIST_KEY_UIApplicationSceneManifest_Generation = YES;
				INFOPLIST_KEY_UIApplicationSupportsIndirectInputEvents = YES;
				INFOPLIST_KEY_UILaunchScreen_Generation = YES;
				INFOPLIST_KEY_UILaunchStoryboardName = "Launch Screen.storyboard";
				INFOPLIST_KEY_UISupportedInterfaceOrientations = UIInterfaceOrientationPortrait;
				LD_RUNPATH_SEARCH_PATHS = (
					"$(inherited)",
					"@executable_path/Frameworks",
				);
				MARKETING_VERSION = 1.0;
				PRODUCT_BUNDLE_IDENTIFIER = com.omar.TaxiApp;
				PRODUCT_NAME = "$(TARGET_NAME)";
				SWIFT_EMIT_LOC_STRINGS = YES;
				SWIFT_VERSION = 5.0;
				TARGETED_DEVICE_FAMILY = "1,2";
			};
			name = Debug;
		};
		52897C8C2D8254B2006F017B /* Release */ = {
			isa = XCBuildConfiguration;
			buildSettings = {
				ASSETCATALOG_COMPILER_APPICON_NAME = AppIcon;
				ASSETCATALOG_COMPILER_GLOBAL_ACCENT_COLOR_NAME = AccentColor;
				CODE_SIGN_STYLE = Automatic;
				CURRENT_PROJECT_VERSION = 1;
				DEVELOPMENT_ASSET_PATHS = "\"TaxiApp/Preview Content\"";
				DEVELOPMENT_TEAM = 74933M5YKJ;
				ENABLE_PREVIEWS = YES;
				GENERATE_INFOPLIST_FILE = YES;
				INFOPLIST_KEY_UIApplicationSceneManifest_Generation = YES;
				INFOPLIST_KEY_UIApplicationSupportsIndirectInputEvents = YES;
				INFOPLIST_KEY_UILaunchScreen_Generation = YES;
				INFOPLIST_KEY_UILaunchStoryboardName = "Launch Screen.storyboard";
				INFOPLIST_KEY_UISupportedInterfaceOrientations = UIInterfaceOrientationPortrait;
				LD_RUNPATH_SEARCH_PATHS = (
					"$(inherited)",
					"@executable_path/Frameworks",
				);
				MARKETING_VERSION = 1.0;
				PRODUCT_BUNDLE_IDENTIFIER = com.omar.TaxiApp;
				PRODUCT_NAME = "$(TARGET_NAME)";
				SWIFT_EMIT_LOC_STRINGS = YES;
				SWIFT_VERSION = 5.0;
				TARGETED_DEVICE_FAMILY = "1,2";
			};
			name = Release;
		};
/* End XCBuildConfiguration section */

/* Begin XCConfigurationList section */
		52897C772D8254AB006F017B /* Build configuration list for PBXProject "TaxiApp" */ = {
			isa = XCConfigurationList;
			buildConfigurations = (
				52897C882D8254B2006F017B /* Debug */,
				52897C892D8254B2006F017B /* Release */,
			);
			defaultConfigurationIsVisible = 0;
			defaultConfigurationName = Release;
		};
		52897C8A2D8254B2006F017B /* Build configuration list for PBXNativeTarget "TaxiApp" */ = {
			isa = XCConfigurationList;
			buildConfigurations = (
				52897C8B2D8254B2006F017B /* Debug */,
				52897C8C2D8254B2006F017B /* Release */,
			);
			defaultConfigurationIsVisible = 0;
			defaultConfigurationName = Release;
		};
/* End XCConfigurationList section */

/* Begin XCRemoteSwiftPackageReference section */
		52897CA62D8288E5006F017B /* XCRemoteSwiftPackageReference "CountryPickerView" */ = {
			isa = XCRemoteSwiftPackageReference;
			repositoryURL = "https://github.com/kizitonwose/CountryPickerView";
			requirement = {
				kind = upToNextMajorVersion;
				minimumVersion = 3.0.0;
			};
		};
/* End XCRemoteSwiftPackageReference section */

/* Begin XCSwiftPackageProductDependency section */
		52897CA72D8288E5006F017B /* CountryPickerView */ = {
			isa = XCSwiftPackageProductDependency;
			package = 52897CA62D8288E5006F017B /* XCRemoteSwiftPackageReference "CountryPickerView" */;
			productName = CountryPickerView;
		};
/* End XCSwiftPackageProductDependency section */
	};
	rootObject = 52897C742D8254AB006F017B /* Project object */;
}
